{
  "pins" : [
    {
      "identity" : "alamofire",
      "kind" : "remoteSourceControl",
      "location" : "https://github.com/Alamofire/Alamofire",
      "state" : {
        "branch" : "master",
        "revision" : "9f828f62e24bd0cf550816057f614be21c3ae5ea"
      }
    },
    {
      "identity" : "kingfisher",
      "kind" : "remoteSourceControl",
      "location" : "https://github.com/onevcat/Kingfisher.git",
      "state" : {
        "branch" : "master",
        "revision" : "eb3926b3a32c2dc986cc5af7fd64ebbddd376668"
      }
    },
    {
      "identity" : "swiftyjson",
      "kind" : "remoteSourceControl",
      "location" : "https://github.com/SwiftyJSON/SwiftyJSON",
      "state" : {
        "branch" : "master",
        "revision" : "af1f7a2007d607fbe735c445f19080df4260fe8e"
      }
    }
  ],
  "version" : 2
}
